
Microsoft Visual Studio Solution File, Format Version 12.00
# Visual Studio Version 17
VisualStudioVersion = 17.9.34728.123
MinimumVisualStudioVersion = 10.0.40219.1
Project("{FAE04EC0-301F-11D3-BF4B-00C04F79EFBC}") = "Ejercicio_1", "Ejercicio_1\Ejercicio_1.csproj", "{C18E9788-38F7-41C2-BF11-6234D63DA7EA}"
EndProject
Project("{FAE04EC0-301F-11D3-BF4B-00C04F79EFBC}") = "Ejercicio_2", "Ejercicio_2\Ejercicio_2.csproj", "{1545D833-8207-4F42-8B88-3AB636C1C401}"
EndProject
Project("{FAE04EC0-301F-11D3-BF4B-00C04F79EFBC}") = "Ejercicio_3", "Ejercicio_3\Ejercicio_3.csproj", "{D7476844-82E0-46CA-AF50-BD1197CED7FC}"
EndProject
Project("{FAE04EC0-301F-11D3-BF4B-00C04F79EFBC}") = "Ejercicio_4", "Ejercicio_4\Ejercicio_4.csproj", "{CD0A681C-77B8-4B83-AF14-B00D83F4F26E}"
EndProject
Project("{FAE04EC0-301F-11D3-BF4B-00C04F79EFBC}") = "Ejercicio_5", "Ejercicio_5\Ejercicio_5.csproj", "{BFE92316-2BDC-4CDA-91FD-C274023DEAC3}"
EndProject
Project("{FAE04EC0-301F-11D3-BF4B-00C04F79EFBC}") = "Ejercicio_5.1", "Ejercicio_5.1\Ejercicio_5.1.csproj", "{0E72BD4F-8D03-4023-8CDC-04F07F22B27B}"
EndProject
Global
	GlobalSection(SolutionConfigurationPlatforms) = preSolution
		Debug|Any CPU = Debug|Any CPU
		Release|Any CPU = Release|Any CPU
	EndGlobalSection
	GlobalSection(ProjectConfigurationPlatforms) = postSolution
		{C18E9788-38F7-41C2-BF11-6234D63DA7EA}.Debug|Any CPU.ActiveCfg = Debug|Any CPU
		{C18E9788-38F7-41C2-BF11-6234D63DA7EA}.Debug|Any CPU.Build.0 = Debug|Any CPU
		{C18E9788-38F7-41C2-BF11-6234D63DA7EA}.Release|Any CPU.ActiveCfg = Release|Any CPU
		{C18E9788-38F7-41C2-BF11-6234D63DA7EA}.Release|Any CPU.Build.0 = Release|Any CPU
		{1545D833-8207-4F42-8B88-3AB636C1C401}.Debug|Any CPU.ActiveCfg = Debug|Any CPU
		{1545D833-8207-4F42-8B88-3AB636C1C401}.Debug|Any CPU.Build.0 = Debug|Any CPU
		{1545D833-8207-4F42-8B88-3AB636C1C401}.Release|Any CPU.ActiveCfg = Release|Any CPU
		{1545D833-8207-4F42-8B88-3AB636C1C401}.Release|Any CPU.Build.0 = Release|Any CPU
		{D7476844-82E0-46CA-AF50-BD1197CED7FC}.Debug|Any CPU.ActiveCfg = Debug|Any CPU
		{D7476844-82E0-46CA-AF50-BD1197CED7FC}.Debug|Any CPU.Build.0 = Debug|Any CPU
		{D7476844-82E0-46CA-AF50-BD1197CED7FC}.Release|Any CPU.ActiveCfg = Release|Any CPU
		{D7476844-82E0-46CA-AF50-BD1197CED7FC}.Release|Any CPU.Build.0 = Release|Any CPU
		{CD0A681C-77B8-4B83-AF14-B00D83F4F26E}.Debug|Any CPU.ActiveCfg = Debug|Any CPU
		{CD0A681C-77B8-4B83-AF14-B00D83F4F26E}.Debug|Any CPU.Build.0 = Debug|Any CPU
		{CD0A681C-77B8-4B83-AF14-B00D83F4F26E}.Release|Any CPU.ActiveCfg = Release|Any CPU
		{CD0A681C-77B8-4B83-AF14-B00D83F4F26E}.Release|Any CPU.Build.0 = Release|Any CPU
		{BFE92316-2BDC-4CDA-91FD-C274023DEAC3}.Debug|Any CPU.ActiveCfg = Debug|Any CPU
		{BFE92316-2BDC-4CDA-91FD-C274023DEAC3}.Debug|Any CPU.Build.0 = Debug|Any CPU
		{BFE92316-2BDC-4CDA-91FD-C274023DEAC3}.Release|Any CPU.ActiveCfg = Release|Any CPU
		{BFE92316-2BDC-4CDA-91FD-C274023DEAC3}.Release|Any CPU.Build.0 = Release|Any CPU
		{0E72BD4F-8D03-4023-8CDC-04F07F22B27B}.Debug|Any CPU.ActiveCfg = Debug|Any CPU
		{0E72BD4F-8D03-4023-8CDC-04F07F22B27B}.Debug|Any CPU.Build.0 = Debug|Any CPU
		{0E72BD4F-8D03-4023-8CDC-04F07F22B27B}.Release|Any CPU.ActiveCfg = Release|Any CPU
		{0E72BD4F-8D03-4023-8CDC-04F07F22B27B}.Release|Any CPU.Build.0 = Release|Any CPU
	EndGlobalSection
	GlobalSection(SolutionProperties) = preSolution
		HideSolutionNode = FALSE
	EndGlobalSection
	GlobalSection(ExtensibilityGlobals) = postSolution
		SolutionGuid = {E5328C1F-09F6-472F-B247-9CD9588FF4FB}
	EndGlobalSection
EndGlobal
