
Microsoft Visual Studio Solution File, Format Version 12.00
# Visual Studio Version 17
VisualStudioVersion = 17.9.34728.123
MinimumVisualStudioVersion = 10.0.40219.1
Project("{FAE04EC0-301F-11D3-BF4B-00C04F79EFBC}") = "Ejercicio_1", "Ejercicio_1\Ejercicio_1.csproj", "{4848C072-C07B-4206-962E-45344B3513DB}"
EndProject
Global
	GlobalSection(SolutionConfigurationPlatforms) = preSolution
		Debug|Any CPU = Debug|Any CPU
		Release|Any CPU = Release|Any CPU
	EndGlobalSection
	GlobalSection(ProjectConfigurationPlatforms) = postSolution
		{4848C072-C07B-4206-962E-45344B3513DB}.Debug|Any CPU.ActiveCfg = Debug|Any CPU
		{4848C072-C07B-4206-962E-45344B3513DB}.Debug|Any CPU.Build.0 = Debug|Any CPU
		{4848C072-C07B-4206-962E-45344B3513DB}.Release|Any CPU.ActiveCfg = Release|Any CPU
		{4848C072-C07B-4206-962E-45344B3513DB}.Release|Any CPU.Build.0 = Release|Any CPU
	EndGlobalSection
	GlobalSection(SolutionProperties) = preSolution
		HideSolutionNode = FALSE
	EndGlobalSection
	GlobalSection(ExtensibilityGlobals) = postSolution
		SolutionGuid = {1E0115C1-79AE-4E1B-A0D4-671E5E3D31E3}
	EndGlobalSection
EndGlobal
